// !$*UTF8*$!
{
	archiveVersion = 1;
	classes = {
	};
	objectVersion = 46;
	objects = {

/* Begin PBXBuildFile section */
		846EBFDF1C178403004CD34E /* smartplacesTests.m in Sources */ = {isa = PBXBuildFile; fileRef = 846EBFDE1C178403004CD34E /* smartplacesTests.m */; };
		846EBFEA1C178403004CD34E /* smartplacesUITests.m in Sources */ = {isa = PBXBuildFile; fileRef = 846EBFE91C178403004CD34E /* smartplacesUITests.m */; };
		846EC00D1C178591004CD34E /* AppDelegate.m in Sources */ = {isa = PBXBuildFile; fileRef = 846EBFFA1C178591004CD34E /* AppDelegate.m */; };
		846EC00E1C178591004CD34E /* Info.plist in Resources */ = {isa = PBXBuildFile; fileRef = 846EBFFB1C178591004CD34E /* Info.plist */; };
		846EC00F1C178591004CD34E /* main.m in Sources */ = {isa = PBXBuildFile; fileRef = 846EBFFC1C178591004CD34E /* main.m */; };
		846EC0101C178591004CD34E /* smartplaces.xcdatamodeld in Sources */ = {isa = PBXBuildFile; fileRef = 846EC0031C178591004CD34E /* smartplaces.xcdatamodeld */; };
		846EC0111C178591004CD34E /* Assets.xcassets in Resources */ = {isa = PBXBuildFile; fileRef = 846EC0081C178591004CD34E /* Assets.xcassets */; };
		846EC0121C178591004CD34E /* LaunchScreen.storyboard in Resources */ = {isa = PBXBuildFile; fileRef = 846EC00B1C178591004CD34E /* LaunchScreen.storyboard */; };
		846EC0131C178591004CD34E /* Main.storyboard in Resources */ = {isa = PBXBuildFile; fileRef = 846EC00C1C178591004CD34E /* Main.storyboard */; };
		846EC01C1C1786B7004CD34E /* SPLoginViewController.m in Sources */ = {isa = PBXBuildFile; fileRef = 846EC01B1C1786B7004CD34E /* SPLoginViewController.m */; };
		846EC0241C178AA4004CD34E /* FacebookSDKStrings.bundle in Resources */ = {isa = PBXBuildFile; fileRef = 846EC01F1C178AA4004CD34E /* FacebookSDKStrings.bundle */; };
		846EC0251C178AA4004CD34E /* FBSDKCoreKit.framework in Frameworks */ = {isa = PBXBuildFile; fileRef = 846EC0201C178AA4004CD34E /* FBSDKCoreKit.framework */; };
		846EC0261C178AA4004CD34E /* FBSDKLoginKit.framework in Frameworks */ = {isa = PBXBuildFile; fileRef = 846EC0211C178AA4004CD34E /* FBSDKLoginKit.framework */; };
		846EC0271C178AA4004CD34E /* FBSDKShareKit.framework in Frameworks */ = {isa = PBXBuildFile; fileRef = 846EC0221C178AA4004CD34E /* FBSDKShareKit.framework */; };
		846EC0281C178AA4004CD34E /* LICENSE.txt in Resources */ = {isa = PBXBuildFile; fileRef = 846EC0231C178AA4004CD34E /* LICENSE.txt */; };
/* End PBXBuildFile section */

/* Begin PBXContainerItemProxy section */
		846EBFDB1C178403004CD34E /* PBXContainerItemProxy */ = {
			isa = PBXContainerItemProxy;
			containerPortal = 846EBFB61C178403004CD34E /* Project object */;
			proxyType = 1;
			remoteGlobalIDString = 846EBFBD1C178403004CD34E;
			remoteInfo = smartplaces;
		};
		846EBFE61C178403004CD34E /* PBXContainerItemProxy */ = {
			isa = PBXContainerItemProxy;
			containerPortal = 846EBFB61C178403004CD34E /* Project object */;
			proxyType = 1;
			remoteGlobalIDString = 846EBFBD1C178403004CD34E;
			remoteInfo = smartplaces;
		};
/* End PBXContainerItemProxy section */

/* Begin PBXFileReference section */
		846EBFBE1C178403004CD34E /* smartplaces.app */ = {isa = PBXFileReference; explicitFileType = wrapper.application; includeInIndex = 0; path = smartplaces.app; sourceTree = BUILT_PRODUCTS_DIR; };
		846EBFDA1C178403004CD34E /* smartplacesTests.xctest */ = {isa = PBXFileReference; explicitFileType = wrapper.cfbundle; includeInIndex = 0; path = smartplacesTests.xctest; sourceTree = BUILT_PRODUCTS_DIR; };
		846EBFDE1C178403004CD34E /* smartplacesTests.m */ = {isa = PBXFileReference; lastKnownFileType = sourcecode.c.objc; path = smartplacesTests.m; sourceTree = "<group>"; };
		846EBFE01C178403004CD34E /* Info.plist */ = {isa = PBXFileReference; lastKnownFileType = text.plist.xml; path = Info.plist; sourceTree = "<group>"; };
		846EBFE51C178403004CD34E /* smartplacesUITests.xctest */ = {isa = PBXFileReference; explicitFileType = wrapper.cfbundle; includeInIndex = 0; path = smartplacesUITests.xctest; sourceTree = BUILT_PRODUCTS_DIR; };
		846EBFE91C178403004CD34E /* smartplacesUITests.m */ = {isa = PBXFileReference; lastKnownFileType = sourcecode.c.objc; path = smartplacesUITests.m; sourceTree = "<group>"; };
		846EBFEB1C178403004CD34E /* Info.plist */ = {isa = PBXFileReference; lastKnownFileType = text.plist.xml; path = Info.plist; sourceTree = "<group>"; };
		846EBFF91C178591004CD34E /* AppDelegate.h */ = {isa = PBXFileReference; fileEncoding = 4; lastKnownFileType = sourcecode.c.h; path = AppDelegate.h; sourceTree = "<group>"; };
		846EBFFA1C178591004CD34E /* AppDelegate.m */ = {isa = PBXFileReference; fileEncoding = 4; lastKnownFileType = sourcecode.c.objc; path = AppDelegate.m; sourceTree = "<group>"; };
		846EBFFB1C178591004CD34E /* Info.plist */ = {isa = PBXFileReference; fileEncoding = 4; lastKnownFileType = text.plist.xml; path = Info.plist; sourceTree = "<group>"; };
		846EBFFC1C178591004CD34E /* main.m */ = {isa = PBXFileReference; fileEncoding = 4; lastKnownFileType = sourcecode.c.objc; path = main.m; sourceTree = "<group>"; };
		846EC0041C178591004CD34E /* smartplaces.xcdatamodel */ = {isa = PBXFileReference; lastKnownFileType = wrapper.xcdatamodel; path = smartplaces.xcdatamodel; sourceTree = "<group>"; };
		846EC0081C178591004CD34E /* Assets.xcassets */ = {isa = PBXFileReference; lastKnownFileType = folder.assetcatalog; path = Assets.xcassets; sourceTree = "<group>"; };
		846EC00B1C178591004CD34E /* LaunchScreen.storyboard */ = {isa = PBXFileReference; fileEncoding = 4; lastKnownFileType = file.storyboard; path = LaunchScreen.storyboard; sourceTree = "<group>"; };
		846EC00C1C178591004CD34E /* Main.storyboard */ = {isa = PBXFileReference; fileEncoding = 4; lastKnownFileType = file.storyboard; path = Main.storyboard; sourceTree = "<group>"; };
		846EC01A1C1786B7004CD34E /* SPLoginViewController.h */ = {isa = PBXFileReference; fileEncoding = 4; lastKnownFileType = sourcecode.c.h; path = SPLoginViewController.h; sourceTree = "<group>"; };
		846EC01B1C1786B7004CD34E /* SPLoginViewController.m */ = {isa = PBXFileReference; fileEncoding = 4; lastKnownFileType = sourcecode.c.objc; path = SPLoginViewController.m; sourceTree = "<group>"; };
		846EC01F1C178AA4004CD34E /* FacebookSDKStrings.bundle */ = {isa = PBXFileReference; lastKnownFileType = "wrapper.plug-in"; path = FacebookSDKStrings.bundle; sourceTree = "<group>"; };
		846EC0201C178AA4004CD34E /* FBSDKCoreKit.framework */ = {isa = PBXFileReference; lastKnownFileType = wrapper.framework; path = FBSDKCoreKit.framework; sourceTree = "<group>"; };
		846EC0211C178AA4004CD34E /* FBSDKLoginKit.framework */ = {isa = PBXFileReference; lastKnownFileType = wrapper.framework; path = FBSDKLoginKit.framework; sourceTree = "<group>"; };
		846EC0221C178AA4004CD34E /* FBSDKShareKit.framework */ = {isa = PBXFileReference; lastKnownFileType = wrapper.framework; path = FBSDKShareKit.framework; sourceTree = "<group>"; };
		846EC0231C178AA4004CD34E /* LICENSE.txt */ = {isa = PBXFileReference; fileEncoding = 4; lastKnownFileType = text; path = LICENSE.txt; sourceTree = "<group>"; };
/* End PBXFileReference section */

/* Begin PBXFrameworksBuildPhase section */
		846EBFBB1C178403004CD34E /* Frameworks */ = {
			isa = PBXFrameworksBuildPhase;
			buildActionMask = 2147483647;
			files = (
				846EC0261C178AA4004CD34E /* FBSDKLoginKit.framework in Frameworks */,
				846EC0251C178AA4004CD34E /* FBSDKCoreKit.framework in Frameworks */,
				846EC0271C178AA4004CD34E /* FBSDKShareKit.framework in Frameworks */,
			);
			runOnlyForDeploymentPostprocessing = 0;
		};
		846EBFD71C178403004CD34E /* Frameworks */ = {
			isa = PBXFrameworksBuildPhase;
			buildActionMask = 2147483647;
			files = (
			);
			runOnlyForDeploymentPostprocessing = 0;
		};
		846EBFE21C178403004CD34E /* Frameworks */ = {
			isa = PBXFrameworksBuildPhase;
			buildActionMask = 2147483647;
			files = (
			);
			runOnlyForDeploymentPostprocessing = 0;
		};
/* End PBXFrameworksBuildPhase section */

/* Begin PBXGroup section */
		846EBFB51C178403004CD34E = {
			isa = PBXGroup;
			children = (
				846EBFF71C178591004CD34E /* smartplaces */,
				846EBFDD1C178403004CD34E /* smartplacesTests */,
				846EBFE81C178403004CD34E /* smartplacesUITests */,
				846EBFBF1C178403004CD34E /* Products */,
			);
			sourceTree = "<group>";
		};
		846EBFBF1C178403004CD34E /* Products */ = {
			isa = PBXGroup;
			children = (
				846EBFBE1C178403004CD34E /* smartplaces.app */,
				846EBFDA1C178403004CD34E /* smartplacesTests.xctest */,
				846EBFE51C178403004CD34E /* smartplacesUITests.xctest */,
			);
			name = Products;
			sourceTree = "<group>";
		};
		846EBFDD1C178403004CD34E /* smartplacesTests */ = {
			isa = PBXGroup;
			children = (
				846EBFDE1C178403004CD34E /* smartplacesTests.m */,
				846EBFE01C178403004CD34E /* Info.plist */,
			);
			path = smartplacesTests;
			sourceTree = "<group>";
		};
		846EBFE81C178403004CD34E /* smartplacesUITests */ = {
			isa = PBXGroup;
			children = (
				846EBFE91C178403004CD34E /* smartplacesUITests.m */,
				846EBFEB1C178403004CD34E /* Info.plist */,
			);
			path = smartplacesUITests;
			sourceTree = "<group>";
		};
		846EBFF71C178591004CD34E /* smartplaces */ = {
			isa = PBXGroup;
			children = (
				846EBFF81C178591004CD34E /* Aplication */,
				846EBFFD1C178591004CD34E /* Categories */,
				846EBFFE1C178591004CD34E /* Controllers */,
				846EBFFF1C178591004CD34E /* Core */,
				846EC0001C178591004CD34E /* Frameworks */,
				846EC0011C178591004CD34E /* Models */,
				846EC0051C178591004CD34E /* Resources */,
				846EC0091C178591004CD34E /* UI */,
			);
			path = smartplaces;
			sourceTree = "<group>";
		};
		846EBFF81C178591004CD34E /* Aplication */ = {
			isa = PBXGroup;
			children = (
				846EBFF91C178591004CD34E /* AppDelegate.h */,
				846EBFFA1C178591004CD34E /* AppDelegate.m */,
				846EBFFB1C178591004CD34E /* Info.plist */,
				846EBFFC1C178591004CD34E /* main.m */,
			);
			path = Aplication;
			sourceTree = "<group>";
		};
		846EBFFD1C178591004CD34E /* Categories */ = {
			isa = PBXGroup;
			children = (
			);
			path = Categories;
			sourceTree = "<group>";
		};
		846EBFFE1C178591004CD34E /* Controllers */ = {
			isa = PBXGroup;
			children = (
				846EC0191C178696004CD34E /* SPLoginViewController */,
				846EC0181C178696004CD34E /* SPMapViewController */,
				846EC0171C178696004CD34E /* SPSavedPlacesViewController */,
				846EC0151C17868E004CD34E /* SPSideMenuViewController */,
			);
			path = Controllers;
			sourceTree = "<group>";
		};
		846EBFFF1C178591004CD34E /* Core */ = {
			isa = PBXGroup;
			children = (
			);
			path = Core;
			sourceTree = "<group>";
		};
		846EC0001C178591004CD34E /* Frameworks */ = {
			isa = PBXGroup;
			children = (
				846EC01D1C1789CF004CD34E /* WithOutSourceCode */,
			);
			path = Frameworks;
			sourceTree = "<group>";
		};
		846EC0011C178591004CD34E /* Models */ = {
			isa = PBXGroup;
			children = (
				846EC0021C178591004CD34E /* CoreData */,
			);
			path = Models;
			sourceTree = "<group>";
		};
		846EC0021C178591004CD34E /* CoreData */ = {
			isa = PBXGroup;
			children = (
				846EC0031C178591004CD34E /* smartplaces.xcdatamodeld */,
			);
			path = CoreData;
			sourceTree = "<group>";
		};
		846EC0051C178591004CD34E /* Resources */ = {
			isa = PBXGroup;
			children = (
				846EC0061C178591004CD34E /* images */,
			);
			path = Resources;
			sourceTree = "<group>";
		};
		846EC0061C178591004CD34E /* images */ = {
			isa = PBXGroup;
			children = (
				846EC0071C178591004CD34E /* xcassets */,
			);
			path = images;
			sourceTree = "<group>";
		};
		846EC0071C178591004CD34E /* xcassets */ = {
			isa = PBXGroup;
			children = (
				846EC0081C178591004CD34E /* Assets.xcassets */,
			);
			path = xcassets;
			sourceTree = "<group>";
		};
		846EC0091C178591004CD34E /* UI */ = {
			isa = PBXGroup;
			children = (
				846EC00A1C178591004CD34E /* Storyboards */,
			);
			path = UI;
			sourceTree = "<group>";
		};
		846EC00A1C178591004CD34E /* Storyboards */ = {
			isa = PBXGroup;
			children = (
				846EC00B1C178591004CD34E /* LaunchScreen.storyboard */,
				846EC00C1C178591004CD34E /* Main.storyboard */,
			);
			path = Storyboards;
			sourceTree = "<group>";
		};
		846EC0151C17868E004CD34E /* SPSideMenuViewController */ = {
			isa = PBXGroup;
			children = (
			);
			path = SPSideMenuViewController;
			sourceTree = "<group>";
		};
		846EC0171C178696004CD34E /* SPSavedPlacesViewController */ = {
			isa = PBXGroup;
			children = (
			);
			path = SPSavedPlacesViewController;
			sourceTree = "<group>";
		};
		846EC0181C178696004CD34E /* SPMapViewController */ = {
			isa = PBXGroup;
			children = (
			);
			path = SPMapViewController;
			sourceTree = "<group>";
		};
		846EC0191C178696004CD34E /* SPLoginViewController */ = {
			isa = PBXGroup;
			children = (
				846EC01A1C1786B7004CD34E /* SPLoginViewController.h */,
				846EC01B1C1786B7004CD34E /* SPLoginViewController.m */,
			);
			path = SPLoginViewController;
			sourceTree = "<group>";
		};
		846EC01D1C1789CF004CD34E /* WithOutSourceCode */ = {
			isa = PBXGroup;
			children = (
				846EC01E1C178AA4004CD34E /* FacebookSDK */,
			);
			path = WithOutSourceCode;
			sourceTree = "<group>";
		};
		846EC01E1C178AA4004CD34E /* FacebookSDK */ = {
			isa = PBXGroup;
			children = (
				846EC01F1C178AA4004CD34E /* FacebookSDKStrings.bundle */,
				846EC0201C178AA4004CD34E /* FBSDKCoreKit.framework */,
				846EC0211C178AA4004CD34E /* FBSDKLoginKit.framework */,
				846EC0221C178AA4004CD34E /* FBSDKShareKit.framework */,
				846EC0231C178AA4004CD34E /* LICENSE.txt */,
			);
			path = FacebookSDK;
			sourceTree = "<group>";
		};
/* End PBXGroup section */

/* Begin PBXNativeTarget section */
		846EBFBD1C178403004CD34E /* smartplaces */ = {
			isa = PBXNativeTarget;
			buildConfigurationList = 846EBFEE1C178404004CD34E /* Build configuration list for PBXNativeTarget "smartplaces" */;
			buildPhases = (
				846EBFBA1C178403004CD34E /* Sources */,
				846EBFBB1C178403004CD34E /* Frameworks */,
				846EBFBC1C178403004CD34E /* Resources */,
			);
			buildRules = (
			);
			dependencies = (
			);
			name = smartplaces;
			productName = smartplaces;
			productReference = 846EBFBE1C178403004CD34E /* smartplaces.app */;
			productType = "com.apple.product-type.application";
		};
		846EBFD91C178403004CD34E /* smartplacesTests */ = {
			isa = PBXNativeTarget;
			buildConfigurationList = 846EBFF11C178404004CD34E /* Build configuration list for PBXNativeTarget "smartplacesTests" */;
			buildPhases = (
				846EBFD61C178403004CD34E /* Sources */,
				846EBFD71C178403004CD34E /* Frameworks */,
				846EBFD81C178403004CD34E /* Resources */,
			);
			buildRules = (
			);
			dependencies = (
				846EBFDC1C178403004CD34E /* PBXTargetDependency */,
			);
			name = smartplacesTests;
			productName = smartplacesTests;
			productReference = 846EBFDA1C178403004CD34E /* smartplacesTests.xctest */;
			productType = "com.apple.product-type.bundle.unit-test";
		};
		846EBFE41C178403004CD34E /* smartplacesUITests */ = {
			isa = PBXNativeTarget;
			buildConfigurationList = 846EBFF41C178404004CD34E /* Build configuration list for PBXNativeTarget "smartplacesUITests" */;
			buildPhases = (
				846EBFE11C178403004CD34E /* Sources */,
				846EBFE21C178403004CD34E /* Frameworks */,
				846EBFE31C178403004CD34E /* Resources */,
			);
			buildRules = (
			);
			dependencies = (
				846EBFE71C178403004CD34E /* PBXTargetDependency */,
			);
			name = smartplacesUITests;
			productName = smartplacesUITests;
			productReference = 846EBFE51C178403004CD34E /* smartplacesUITests.xctest */;
			productType = "com.apple.product-type.bundle.ui-testing";
		};
/* End PBXNativeTarget section */

/* Begin PBXProject section */
		846EBFB61C178403004CD34E /* Project object */ = {
			isa = PBXProject;
			attributes = {
				CLASSPREFIX = SP;
				LastUpgradeCheck = 0710;
				ORGANIZATIONNAME = ihor;
				TargetAttributes = {
					846EBFBD1C178403004CD34E = {
						CreatedOnToolsVersion = 7.1.1;
					};
					846EBFD91C178403004CD34E = {
						CreatedOnToolsVersion = 7.1.1;
						TestTargetID = 846EBFBD1C178403004CD34E;
					};
					846EBFE41C178403004CD34E = {
						CreatedOnToolsVersion = 7.1.1;
						TestTargetID = 846EBFBD1C178403004CD34E;
					};
				};
			};
			buildConfigurationList = 846EBFB91C178403004CD34E /* Build configuration list for PBXProject "smartplaces" */;
			compatibilityVersion = "Xcode 3.2";
			developmentRegion = English;
			hasScannedForEncodings = 0;
			knownRegions = (
				en,
				Base,
			);
			mainGroup = 846EBFB51C178403004CD34E;
			productRefGroup = 846EBFBF1C178403004CD34E /* Products */;
			projectDirPath = "";
			projectRoot = "";
			targets = (
				846EBFBD1C178403004CD34E /* smartplaces */,
				846EBFD91C178403004CD34E /* smartplacesTests */,
				846EBFE41C178403004CD34E /* smartplacesUITests */,
			);
		};
/* End PBXProject section */

/* Begin PBXResourcesBuildPhase section */
		846EBFBC1C178403004CD34E /* Resources */ = {
			isa = PBXResourcesBuildPhase;
			buildActionMask = 2147483647;
			files = (
				846EC0281C178AA4004CD34E /* LICENSE.txt in Resources */,
				846EC0121C178591004CD34E /* LaunchScreen.storyboard in Resources */,
				846EC0241C178AA4004CD34E /* FacebookSDKStrings.bundle in Resources */,
				846EC0111C178591004CD34E /* Assets.xcassets in Resources */,
				846EC00E1C178591004CD34E /* Info.plist in Resources */,
				846EC0131C178591004CD34E /* Main.storyboard in Resources */,
			);
			runOnlyForDeploymentPostprocessing = 0;
		};
		846EBFD81C178403004CD34E /* Resources */ = {
			isa = PBXResourcesBuildPhase;
			buildActionMask = 2147483647;
			files = (
			);
			runOnlyForDeploymentPostprocessing = 0;
		};
		846EBFE31C178403004CD34E /* Resources */ = {
			isa = PBXResourcesBuildPhase;
			buildActionMask = 2147483647;
			files = (
			);
			runOnlyForDeploymentPostprocessing = 0;
		};
/* End PBXResourcesBuildPhase section */

/* Begin PBXSourcesBuildPhase section */
		846EBFBA1C178403004CD34E /* Sources */ = {
			isa = PBXSourcesBuildPhase;
			buildActionMask = 2147483647;
			files = (
				846EC00F1C178591004CD34E /* main.m in Sources */,
				846EC0101C178591004CD34E /* smartplaces.xcdatamodeld in Sources */,
				846EC01C1C1786B7004CD34E /* SPLoginViewController.m in Sources */,
				846EC00D1C178591004CD34E /* AppDelegate.m in Sources */,
			);
			runOnlyForDeploymentPostprocessing = 0;
		};
		846EBFD61C178403004CD34E /* Sources */ = {
			isa = PBXSourcesBuildPhase;
			buildActionMask = 2147483647;
			files = (
				846EBFDF1C178403004CD34E /* smartplacesTests.m in Sources */,
			);
			runOnlyForDeploymentPostprocessing = 0;
		};
		846EBFE11C178403004CD34E /* Sources */ = {
			isa = PBXSourcesBuildPhase;
			buildActionMask = 2147483647;
			files = (
				846EBFEA1C178403004CD34E /* smartplacesUITests.m in Sources */,
			);
			runOnlyForDeploymentPostprocessing = 0;
		};
/* End PBXSourcesBuildPhase section */

/* Begin PBXTargetDependency section */
		846EBFDC1C178403004CD34E /* PBXTargetDependency */ = {
			isa = PBXTargetDependency;
			target = 846EBFBD1C178403004CD34E /* smartplaces */;
			targetProxy = 846EBFDB1C178403004CD34E /* PBXContainerItemProxy */;
		};
		846EBFE71C178403004CD34E /* PBXTargetDependency */ = {
			isa = PBXTargetDependency;
			target = 846EBFBD1C178403004CD34E /* smartplaces */;
			targetProxy = 846EBFE61C178403004CD34E /* PBXContainerItemProxy */;
		};
/* End PBXTargetDependency section */

/* Begin XCBuildConfiguration section */
		846EBFEC1C178404004CD34E /* Debug */ = {
			isa = XCBuildConfiguration;
			buildSettings = {
				ALWAYS_SEARCH_USER_PATHS = NO;
				CLANG_CXX_LANGUAGE_STANDARD = "gnu++0x";
				CLANG_CXX_LIBRARY = "libc++";
				CLANG_ENABLE_MODULES = YES;
				CLANG_ENABLE_OBJC_ARC = YES;
				CLANG_WARN_BOOL_CONVERSION = YES;
				CLANG_WARN_CONSTANT_CONVERSION = YES;
				CLANG_WARN_DIRECT_OBJC_ISA_USAGE = YES_ERROR;
				CLANG_WARN_EMPTY_BODY = YES;
				CLANG_WARN_ENUM_CONVERSION = YES;
				CLANG_WARN_INT_CONVERSION = YES;
				CLANG_WARN_OBJC_ROOT_CLASS = YES_ERROR;
				CLANG_WARN_UNREACHABLE_CODE = YES;
				CLANG_WARN__DUPLICATE_METHOD_MATCH = YES;
				"CODE_SIGN_IDENTITY[sdk=iphoneos*]" = "iPhone Developer";
				COPY_PHASE_STRIP = NO;
				DEBUG_INFORMATION_FORMAT = dwarf;
				ENABLE_STRICT_OBJC_MSGSEND = YES;
				ENABLE_TESTABILITY = YES;
				GCC_C_LANGUAGE_STANDARD = gnu99;
				GCC_DYNAMIC_NO_PIC = NO;
				GCC_NO_COMMON_BLOCKS = YES;
				GCC_OPTIMIZATION_LEVEL = 0;
				GCC_PREPROCESSOR_DEFINITIONS = (
					"DEBUG=1",
					"$(inherited)",
				);
				GCC_WARN_64_TO_32_BIT_CONVERSION = YES;
				GCC_WARN_ABOUT_RETURN_TYPE = YES_ERROR;
				GCC_WARN_UNDECLARED_SELECTOR = YES;
				GCC_WARN_UNINITIALIZED_AUTOS = YES_AGGRESSIVE;
				GCC_WARN_UNUSED_FUNCTION = YES;
				GCC_WARN_UNUSED_VARIABLE = YES;
				IPHONEOS_DEPLOYMENT_TARGET = 9.1;
				MTL_ENABLE_DEBUG_INFO = YES;
				ONLY_ACTIVE_ARCH = YES;
				SDKROOT = iphoneos;
			};
			name = Debug;
		};
		846EBFED1C178404004CD34E /* Release */ = {
			isa = XCBuildConfiguration;
			buildSettings = {
				ALWAYS_SEARCH_USER_PATHS = NO;
				CLANG_CXX_LANGUAGE_STANDARD = "gnu++0x";
				CLANG_CXX_LIBRARY = "libc++";
				CLANG_ENABLE_MODULES = YES;
				CLANG_ENABLE_OBJC_ARC = YES;
				CLANG_WARN_BOOL_CONVERSION = YES;
				CLANG_WARN_CONSTANT_CONVERSION = YES;
				CLANG_WARN_DIRECT_OBJC_ISA_USAGE = YES_ERROR;
				CLANG_WARN_EMPTY_BODY = YES;
				CLANG_WARN_ENUM_CONVERSION = YES;
				CLANG_WARN_INT_CONVERSION = YES;
				CLANG_WARN_OBJC_ROOT_CLASS = YES_ERROR;
				CLANG_WARN_UNREACHABLE_CODE = YES;
				CLANG_WARN__DUPLICATE_METHOD_MATCH = YES;
				"CODE_SIGN_IDENTITY[sdk=iphoneos*]" = "iPhone Developer";
				COPY_PHASE_STRIP = NO;
				DEBUG_INFORMATION_FORMAT = "dwarf-with-dsym";
				ENABLE_NS_ASSERTIONS = NO;
				ENABLE_STRICT_OBJC_MSGSEND = YES;
				GCC_C_LANGUAGE_STANDARD = gnu99;
				GCC_NO_COMMON_BLOCKS = YES;
				GCC_WARN_64_TO_32_BIT_CONVERSION = YES;
				GCC_WARN_ABOUT_RETURN_TYPE = YES_ERROR;
				GCC_WARN_UNDECLARED_SELECTOR = YES;
				GCC_WARN_UNINITIALIZED_AUTOS = YES_AGGRESSIVE;
				GCC_WARN_UNUSED_FUNCTION = YES;
				GCC_WARN_UNUSED_VARIABLE = YES;
				IPHONEOS_DEPLOYMENT_TARGET = 9.1;
				MTL_ENABLE_DEBUG_INFO = NO;
				SDKROOT = iphoneos;
				VALIDATE_PRODUCT = YES;
			};
			name = Release;
		};
		846EBFEF1C178404004CD34E /* Debug */ = {
			isa = XCBuildConfiguration;
			buildSettings = {
				ASSETCATALOG_COMPILER_APPICON_NAME = AppIcon;
				ASSETCATALOG_COMPILER_LAUNCHIMAGE_NAME = "Brand Assets";
				FRAMEWORK_SEARCH_PATHS = (
					"$(inherited)",
					"$(PROJECT_DIR)/smartplaces/Frameworks/WithOutSourceCode/FacebookSDK",
				);
				INFOPLIST_FILE = "$(SRCROOT)/smartplaces/Aplication/Info.plist";
				IPHONEOS_DEPLOYMENT_TARGET = 8.0;
				LD_RUNPATH_SEARCH_PATHS = "$(inherited) @executable_path/Frameworks";
				PRODUCT_BUNDLE_IDENTIFIER = com.ihor.smartplaces;
				PRODUCT_NAME = "$(TARGET_NAME)";
			};
			name = Debug;
		};
		846EBFF01C178404004CD34E /* Release */ = {
			isa = XCBuildConfiguration;
			buildSettings = {
				ASSETCATALOG_COMPILER_APPICON_NAME = AppIcon;
				ASSETCATALOG_COMPILER_LAUNCHIMAGE_NAME = "Brand Assets";
				FRAMEWORK_SEARCH_PATHS = (
					"$(inherited)",
					"$(PROJECT_DIR)/smartplaces/Frameworks/WithOutSourceCode/FacebookSDK",
				);
				INFOPLIST_FILE = "$(SRCROOT)/smartplaces/Aplication/Info.plist";
				IPHONEOS_DEPLOYMENT_TARGET = 8.0;
				LD_RUNPATH_SEARCH_PATHS = "$(inherited) @executable_path/Frameworks";
				PRODUCT_BUNDLE_IDENTIFIER = com.ihor.smartplaces;
				PRODUCT_NAME = "$(TARGET_NAME)";
			};
			name = Release;
		};
		846EBFF21C178404004CD34E /* Debug */ = {
			isa = XCBuildConfiguration;
			buildSettings = {
				BUNDLE_LOADER = "$(TEST_HOST)";
				INFOPLIST_FILE = smartplacesTests/Info.plist;
				LD_RUNPATH_SEARCH_PATHS = "$(inherited) @executable_path/Frameworks @loader_path/Frameworks";
				PRODUCT_BUNDLE_IDENTIFIER = com.ihor.smartplacesTests;
				PRODUCT_NAME = "$(TARGET_NAME)";
				TEST_HOST = "$(BUILT_PRODUCTS_DIR)/smartplaces.app/smartplaces";
			};
			name = Debug;
		};
		846EBFF31C178404004CD34E /* Release */ = {
			isa = XCBuildConfiguration;
			buildSettings = {
				BUNDLE_LOADER = "$(TEST_HOST)";
				INFOPLIST_FILE = smartplacesTests/Info.plist;
				LD_RUNPATH_SEARCH_PATHS = "$(inherited) @executable_path/Frameworks @loader_path/Frameworks";
				PRODUCT_BUNDLE_IDENTIFIER = com.ihor.smartplacesTests;
				PRODUCT_NAME = "$(TARGET_NAME)";
				TEST_HOST = "$(BUILT_PRODUCTS_DIR)/smartplaces.app/smartplaces";
			};
			name = Release;
		};
		846EBFF51C178404004CD34E /* Debug */ = {
			isa = XCBuildConfiguration;
			buildSettings = {
				INFOPLIST_FILE = smartplacesUITests/Info.plist;
				LD_RUNPATH_SEARCH_PATHS = "$(inherited) @executable_path/Frameworks @loader_path/Frameworks";
				PRODUCT_BUNDLE_IDENTIFIER = com.ihor.smartplacesUITests;
				PRODUCT_NAME = "$(TARGET_NAME)";
				TEST_TARGET_NAME = smartplaces;
				USES_XCTRUNNER = YES;
			};
			name = Debug;
		};
		846EBFF61C178404004CD34E /* Release */ = {
			isa = XCBuildConfiguration;
			buildSettings = {
				INFOPLIST_FILE = smartplacesUITests/Info.plist;
				LD_RUNPATH_SEARCH_PATHS = "$(inherited) @executable_path/Frameworks @loader_path/Frameworks";
				PRODUCT_BUNDLE_IDENTIFIER = com.ihor.smartplacesUITests;
				PRODUCT_NAME = "$(TARGET_NAME)";
				TEST_TARGET_NAME = smartplaces;
				USES_XCTRUNNER = YES;
			};
			name = Release;
		};
/* End XCBuildConfiguration section */

/* Begin XCConfigurationList section */
		846EBFB91C178403004CD34E /* Build configuration list for PBXProject "smartplaces" */ = {
			isa = XCConfigurationList;
			buildConfigurations = (
				846EBFEC1C178404004CD34E /* Debug */,
				846EBFED1C178404004CD34E /* Release */,
			);
			defaultConfigurationIsVisible = 0;
			defaultConfigurationName = Release;
		};
		846EBFEE1C178404004CD34E /* Build configuration list for PBXNativeTarget "smartplaces" */ = {
			isa = XCConfigurationList;
			buildConfigurations = (
				846EBFEF1C178404004CD34E /* Debug */,
				846EBFF01C178404004CD34E /* Release */,
			);
			defaultConfigurationIsVisible = 0;
			defaultConfigurationName = Release;
		};
		846EBFF11C178404004CD34E /* Build configuration list for PBXNativeTarget "smartplacesTests" */ = {
			isa = XCConfigurationList;
			buildConfigurations = (
				846EBFF21C178404004CD34E /* Debug */,
				846EBFF31C178404004CD34E /* Release */,
			);
			defaultConfigurationIsVisible = 0;
			defaultConfigurationName = Release;
		};
		846EBFF41C178404004CD34E /* Build configuration list for PBXNativeTarget "smartplacesUITests" */ = {
			isa = XCConfigurationList;
			buildConfigurations = (
				846EBFF51C178404004CD34E /* Debug */,
				846EBFF61C178404004CD34E /* Release */,
			);
			defaultConfigurationIsVisible = 0;
			defaultConfigurationName = Release;
		};
/* End XCConfigurationList section */

/* Begin XCVersionGroup section */
		846EC0031C178591004CD34E /* smartplaces.xcdatamodeld */ = {
			isa = XCVersionGroup;
			children = (
				846EC0041C178591004CD34E /* smartplaces.xcdatamodel */,
			);
			currentVersion = 846EC0041C178591004CD34E /* smartplaces.xcdatamodel */;
			path = smartplaces.xcdatamodeld;
			sourceTree = "<group>";
			versionGroupType = wrapper.xcdatamodel;
		};
/* End XCVersionGroup section */
	};
	rootObject = 846EBFB61C178403004CD34E /* Project object */;
}
